
Microsoft Visual Studio Solution File, Format Version 12.00
# Visual Studio Version 17
VisualStudioVersion = 17.6.33723.286
MinimumVisualStudioVersion = 10.0.40219.1
Project("{FAE04EC0-301F-11D3-BF4B-00C04F79EFBC}") = "Agenda", "Agenda\Agenda.csproj", "{39F99EC5-0FA8-412C-8A33-96410B165D19}"
EndProject
Global
	GlobalSection(SolutionConfigurationPlatforms) = preSolution
		Debug|Any CPU = Debug|Any CPU
		Release|Any CPU = Release|Any CPU
	EndGlobalSection
	GlobalSection(ProjectConfigurationPlatforms) = postSolution
		{39F99EC5-0FA8-412C-8A33-96410B165D19}.Debug|Any CPU.ActiveCfg = Debug|Any CPU
		{39F99EC5-0FA8-412C-8A33-96410B165D19}.Debug|Any CPU.Build.0 = Debug|Any CPU
		{39F99EC5-0FA8-412C-8A33-96410B165D19}.Release|Any CPU.ActiveCfg = Release|Any CPU
		{39F99EC5-0FA8-412C-8A33-96410B165D19}.Release|Any CPU.Build.0 = Release|Any CPU
	EndGlobalSection
	GlobalSection(SolutionProperties) = preSolution
		HideSolutionNode = FALSE
	EndGlobalSection
	GlobalSection(ExtensibilityGlobals) = postSolution
		SolutionGuid = {1A0B64B7-F4CB-44E4-A11A-6B316752D208}
	EndGlobalSection
EndGlobal
